
Microsoft Visual Studio Solution File, Format Version 12.00
# Visual Studio Version 17
VisualStudioVersion = 17.14.37111.16 d17.14
MinimumVisualStudioVersion = 10.0.40219.1
Project("{FAE04EC0-301F-11D3-BF4B-00C04F79EFBC}") = "BlazorChatApp", "BlazorChatApp\BlazorChatApp\BlazorChatApp.csproj", "{0076E737-99DE-4482-8973-5501036A5CA8}"
EndProject
Project("{FAE04EC0-301F-11D3-BF4B-00C04F79EFBC}") = "BlazorChatApp.Client", "BlazorChatApp\BlazorChatApp.Client\BlazorChatApp.Client.csproj", "{C2D8D718-5E6D-4F9E-8F37-9015F0157CCE}"
EndProject
Project("{FAE04EC0-301F-11D3-BF4B-00C04F79EFBC}") = "BlazorChatApp.Shared", "BlazorChatApp.Shared\BlazorChatApp.Shared.csproj", "{DA7F3129-ADA9-4D63-AF8C-DBB3439FD587}"
EndProject
Global
	GlobalSection(SolutionConfigurationPlatforms) = preSolution
		Debug|Any CPU = Debug|Any CPU
		Release|Any CPU = Release|Any CPU
	EndGlobalSection
	GlobalSection(ProjectConfigurationPlatforms) = postSolution
		{0076E737-99DE-4482-8973-5501036A5CA8}.Debug|Any CPU.ActiveCfg = Debug|Any CPU
		{0076E737-99DE-4482-8973-5501036A5CA8}.Debug|Any CPU.Build.0 = Debug|Any CPU
		{0076E737-99DE-4482-8973-5501036A5CA8}.Release|Any CPU.ActiveCfg = Release|Any CPU
		{0076E737-99DE-4482-8973-5501036A5CA8}.Release|Any CPU.Build.0 = Release|Any CPU
		{C2D8D718-5E6D-4F9E-8F37-9015F0157CCE}.Debug|Any CPU.ActiveCfg = Debug|Any CPU
		{C2D8D718-5E6D-4F9E-8F37-9015F0157CCE}.Debug|Any CPU.Build.0 = Debug|Any CPU
		{C2D8D718-5E6D-4F9E-8F37-9015F0157CCE}.Release|Any CPU.ActiveCfg = Release|Any CPU
		{C2D8D718-5E6D-4F9E-8F37-9015F0157CCE}.Release|Any CPU.Build.0 = Release|Any CPU
		{DA7F3129-ADA9-4D63-AF8C-DBB3439FD587}.Debug|Any CPU.ActiveCfg = Debug|Any CPU
		{DA7F3129-ADA9-4D63-AF8C-DBB3439FD587}.Debug|Any CPU.Build.0 = Debug|Any CPU
		{DA7F3129-ADA9-4D63-AF8C-DBB3439FD587}.Release|Any CPU.ActiveCfg = Release|Any CPU
		{DA7F3129-ADA9-4D63-AF8C-DBB3439FD587}.Release|Any CPU.Build.0 = Release|Any CPU
	EndGlobalSection
	GlobalSection(SolutionProperties) = preSolution
		HideSolutionNode = FALSE
	EndGlobalSection
	GlobalSection(ExtensibilityGlobals) = postSolution
		SolutionGuid = {77024199-A11F-4BDB-818E-E7047369AD00}
	EndGlobalSection
EndGlobal
