
Microsoft Visual Studio Solution File, Format Version 12.00
# Visual Studio Version 17
VisualStudioVersion = 17.14.37111.16
MinimumVisualStudioVersion = 10.0.40219.1
Project("{FAE04EC0-301F-11D3-BF4B-00C04F79EFBC}") = "BlazorChatApp.Shared", "BlazorChatApp.Shared\BlazorChatApp.Shared.csproj", "{DA7F3129-ADA9-4D63-AF8C-DBB3439FD587}"
EndProject
Project("{FAE04EC0-301F-11D3-BF4B-00C04F79EFBC}") = "BlazorChatApp", "BlazorChatApp\BlazorChatApp.csproj", "{64DB28C0-01D5-3B20-459C-BA690DA5911C}"
EndProject
Project("{FAE04EC0-301F-11D3-BF4B-00C04F79EFBC}") = "BlazorChatApp.Client", "BlazorChatApp.Client\BlazorChatApp.Client.csproj", "{668C57FE-0CAE-F352-B2B5-F66055398069}"
EndProject
Global
	GlobalSection(SolutionConfigurationPlatforms) = preSolution
		Debug|Any CPU = Debug|Any CPU
		Release|Any CPU = Release|Any CPU
	EndGlobalSection
	GlobalSection(ProjectConfigurationPlatforms) = postSolution
		{DA7F3129-ADA9-4D63-AF8C-DBB3439FD587}.Debug|Any CPU.ActiveCfg = Debug|Any CPU
		{DA7F3129-ADA9-4D63-AF8C-DBB3439FD587}.Debug|Any CPU.Build.0 = Debug|Any CPU
		{DA7F3129-ADA9-4D63-AF8C-DBB3439FD587}.Release|Any CPU.ActiveCfg = Release|Any CPU
		{DA7F3129-ADA9-4D63-AF8C-DBB3439FD587}.Release|Any CPU.Build.0 = Release|Any CPU
		{64DB28C0-01D5-3B20-459C-BA690DA5911C}.Debug|Any CPU.ActiveCfg = Debug|Any CPU
		{64DB28C0-01D5-3B20-459C-BA690DA5911C}.Debug|Any CPU.Build.0 = Debug|Any CPU
		{64DB28C0-01D5-3B20-459C-BA690DA5911C}.Release|Any CPU.ActiveCfg = Release|Any CPU
		{64DB28C0-01D5-3B20-459C-BA690DA5911C}.Release|Any CPU.Build.0 = Release|Any CPU
		{668C57FE-0CAE-F352-B2B5-F66055398069}.Debug|Any CPU.ActiveCfg = Debug|Any CPU
		{668C57FE-0CAE-F352-B2B5-F66055398069}.Debug|Any CPU.Build.0 = Debug|Any CPU
		{668C57FE-0CAE-F352-B2B5-F66055398069}.Release|Any CPU.ActiveCfg = Release|Any CPU
		{668C57FE-0CAE-F352-B2B5-F66055398069}.Release|Any CPU.Build.0 = Release|Any CPU
	EndGlobalSection
	GlobalSection(SolutionProperties) = preSolution
		HideSolutionNode = FALSE
	EndGlobalSection
	GlobalSection(ExtensibilityGlobals) = postSolution
		SolutionGuid = {77024199-A11F-4BDB-818E-E7047369AD00}
	EndGlobalSection
EndGlobal
